
Microsoft Visual Studio Solution File, Format Version 11.00
# Visual Studio 2010
Project("{FAE04EC0-301F-11D3-BF4B-00C04F79EFBC}") = "OmniDB", "OmniDB.csproj", "{63F55D57-D1FF-43E5-929A-029E1DDEBC99}"
EndProject
Global
	GlobalSection(SolutionConfigurationPlatforms) = preSolution
		Debug|Any CPU = Debug|Any CPU
		Release|Any CPU = Release|Any CPU
	EndGlobalSection
	GlobalSection(ProjectConfigurationPlatforms) = postSolution
		{63F55D57-D1FF-43E5-929A-029E1DDEBC99}.Debug|Any CPU.ActiveCfg = Debug|Any CPU
		{63F55D57-D1FF-43E5-929A-029E1DDEBC99}.Debug|Any CPU.Build.0 = Debug|Any CPU
		{63F55D57-D1FF-43E5-929A-029E1DDEBC99}.Release|Any CPU.ActiveCfg = Release|Any CPU
		{63F55D57-D1FF-43E5-929A-029E1DDEBC99}.Release|Any CPU.Build.0 = Release|Any CPU
	EndGlobalSection
EndGlobal
